
Microsoft Visual Studio Solution File, Format Version 12.00
# Visual Studio Version 17
VisualStudioVersion = 17.2.32516.85
MinimumVisualStudioVersion = 10.0.40219.1
Project("{9A19103F-16F7-4668-BE54-9A1E7A4F7556}") = "Sklep_komputerowy", "Sklep_komputerowy\Sklep_komputerowy.csproj", "{CC4F788B-F956-4A6A-AC0C-67FE35FF37F9}"
EndProject
Project("{FAE04EC0-301F-11D3-BF4B-00C04F79EFBC}") = "ConsoleDB", "ConsoleDB\ConsoleDB.csproj", "{667F414F-F621-4148-88C2-59436CE1D444}"
EndProject
Global
	GlobalSection(SolutionConfigurationPlatforms) = preSolution
		Debug|Any CPU = Debug|Any CPU
		Release|Any CPU = Release|Any CPU
	EndGlobalSection
	GlobalSection(ProjectConfigurationPlatforms) = postSolution
		{CC4F788B-F956-4A6A-AC0C-67FE35FF37F9}.Debug|Any CPU.ActiveCfg = Debug|Any CPU
		{CC4F788B-F956-4A6A-AC0C-67FE35FF37F9}.Debug|Any CPU.Build.0 = Debug|Any CPU
		{CC4F788B-F956-4A6A-AC0C-67FE35FF37F9}.Release|Any CPU.ActiveCfg = Release|Any CPU
		{CC4F788B-F956-4A6A-AC0C-67FE35FF37F9}.Release|Any CPU.Build.0 = Release|Any CPU
		{667F414F-F621-4148-88C2-59436CE1D444}.Debug|Any CPU.ActiveCfg = Debug|Any CPU
		{667F414F-F621-4148-88C2-59436CE1D444}.Debug|Any CPU.Build.0 = Debug|Any CPU
		{667F414F-F621-4148-88C2-59436CE1D444}.Release|Any CPU.ActiveCfg = Release|Any CPU
		{667F414F-F621-4148-88C2-59436CE1D444}.Release|Any CPU.Build.0 = Release|Any CPU
	EndGlobalSection
	GlobalSection(SolutionProperties) = preSolution
		HideSolutionNode = FALSE
	EndGlobalSection
	GlobalSection(ExtensibilityGlobals) = postSolution
		SolutionGuid = {B24636CB-BFCE-4A2A-813E-E154666F9D97}
	EndGlobalSection
EndGlobal
